// !$*UTF8*$!
{
	archiveVersion = 1;
	classes = {
	};
	objectVersion = 90;
	objects = {

/* Begin PBXBuildFile section */
		F33CFCB72C0C508A001A134C /* File Hider.swift in Sources */ = {isa = PBXBuildFile; fileRef = F33CFCB62C0C508A001A134C /* File Hider.swift */; };
		F33CFCB92C0C508A001A134C /* Content View.swift in Sources */ = {isa = PBXBuildFile; fileRef = F33CFCB82C0C508A001A134C /* Content View.swift */; };
		F33CFCBB2C0C508B001A134C /* Assets.xcassets in Resources */ = {isa = PBXBuildFile; fileRef = F33CFCBA2C0C508B001A134C /* Assets.xcassets */; };
		F3A0BB692DCCD4FC007B303B /* ScrechKit in Frameworks */ = {isa = PBXBuildFile; productRef = F3A0BB682DCCD4FC007B303B /* ScrechKit */; };
/* End PBXBuildFile section */

/* Begin PBXFileReference section */
		F33CFCB32C0C508A001A134C /* File Hider.app */ = {isa = PBXFileReference; explicitFileType = wrapper.application; includeInIndex = 0; path = "File Hider.app"; sourceTree = BUILT_PRODUCTS_DIR; };
		F33CFCB62C0C508A001A134C /* File Hider.swift */ = {isa = PBXFileReference; lastKnownFileType = sourcecode.swift; path = "File Hider.swift"; sourceTree = "<group>"; };
		F33CFCB82C0C508A001A134C /* Content View.swift */ = {isa = PBXFileReference; lastKnownFileType = sourcecode.swift; path = "Content View.swift"; sourceTree = "<group>"; };
		F33CFCBA2C0C508B001A134C /* Assets.xcassets */ = {isa = PBXFileReference; lastKnownFileType = folder.assetcatalog; path = Assets.xcassets; sourceTree = "<group>"; };
		F33CFCBF2C0C508B001A134C /* File Hider.entitlements */ = {isa = PBXFileReference; lastKnownFileType = text.plist.entitlements; path = "File Hider.entitlements"; sourceTree = "<group>"; };
		F35199282E2C34DD004E0F02 /* File-Hider-Info.plist */ = {isa = PBXFileReference; lastKnownFileType = text.plist; path = "File-Hider-Info.plist"; sourceTree = SOURCE_ROOT; };
/* End PBXFileReference section */

/* Begin PBXFrameworksBuildPhase section */
		F33CFCB02C0C508A001A134C /* Frameworks */ = {
			isa = PBXFrameworksBuildPhase;
			files = (
				F3A0BB692DCCD4FC007B303B /* ScrechKit in Frameworks */,
			);
		};
/* End PBXFrameworksBuildPhase section */

/* Begin PBXGroup section */
		F33CFCAA2C0C508A001A134C = {
			isa = PBXGroup;
			children = (
				F33CFCB52C0C508A001A134C /* File Hider */,
				F33CFCB42C0C508A001A134C /* Products */,
			);
			sourceTree = "<group>";
		};
		F33CFCB42C0C508A001A134C /* Products */ = {
			isa = PBXGroup;
			children = (
				F33CFCB32C0C508A001A134C /* File Hider.app */,
			);
			name = Products;
			sourceTree = "<group>";
		};
		F33CFCB52C0C508A001A134C /* File Hider */ = {
			isa = PBXGroup;
			children = (
				F35199282E2C34DD004E0F02 /* File-Hider-Info.plist */,
				F33CFCB62C0C508A001A134C /* File Hider.swift */,
				F33CFCBF2C0C508B001A134C /* File Hider.entitlements */,
				F33CFCBA2C0C508B001A134C /* Assets.xcassets */,
				F33CFCB82C0C508A001A134C /* Content View.swift */,
			);
			path = "File Hider";
			sourceTree = "<group>";
		};
/* End PBXGroup section */

/* Begin PBXNativeTarget section */
		F33CFCB22C0C508A001A134C /* File Hider */ = {
			isa = PBXNativeTarget;
			buildConfigurationList = F33CFCC22C0C508B001A134C /* Build configuration list for PBXNativeTarget "File Hider" */;
			buildPhases = (
				F33CFCAF2C0C508A001A134C /* Sources */,
				F33CFCB02C0C508A001A134C /* Frameworks */,
				F33CFCB12C0C508A001A134C /* Resources */,
			);
			buildRules = (
			);
			name = "File Hider";
			packageProductDependencies = (
				F3A0BB682DCCD4FC007B303B /* ScrechKit */,
			);
			productName = "File Hider";
			productReference = F33CFCB32C0C508A001A134C /* File Hider.app */;
			productType = "com.apple.product-type.application";
		};
/* End PBXNativeTarget section */

/* Begin PBXProject section */
		F33CFCAB2C0C508A001A134C /* Project object */ = {
			isa = PBXProject;
			attributes = {
				BuildIndependentTargetsInParallel = 1;
				LastSwiftUpdateCheck = 1540;
				LastUpgradeCheck = 2600;
				TargetAttributes = {
					F33CFCB22C0C508A001A134C = {
						CreatedOnToolsVersion = 15.4;
					};
				};
			};
			buildConfigurationList = F33CFCAE2C0C508A001A134C /* Build configuration list for PBXProject "File Hider" */;
			developmentRegion = en;
			hasScannedForEncodings = 0;
			knownRegions = (
				en,
				Base,
			);
			mainGroup = F33CFCAA2C0C508A001A134C;
			packageReferences = (
				F3A0BB672DCCD4FC007B303B /* XCRemoteSwiftPackageReference "ScrechKit" */,
			);
			preferredProjectObjectVersion = 90;
			productRefGroup = F33CFCB42C0C508A001A134C /* Products */;
			projectDirPath = "";
			projectRoot = "";
			targets = (
				F33CFCB22C0C508A001A134C /* File Hider */,
			);
		};
/* End PBXProject section */

/* Begin PBXResourcesBuildPhase section */
		F33CFCB12C0C508A001A134C /* Resources */ = {
			isa = PBXResourcesBuildPhase;
			files = (
				F33CFCBB2C0C508B001A134C /* Assets.xcassets in Resources */,
			);
		};
/* End PBXResourcesBuildPhase section */

/* Begin PBXSourcesBuildPhase section */
		F33CFCAF2C0C508A001A134C /* Sources */ = {
			isa = PBXSourcesBuildPhase;
			files = (
				F33CFCB92C0C508A001A134C /* Content View.swift in Sources */,
				F33CFCB72C0C508A001A134C /* File Hider.swift in Sources */,
			);
		};
/* End PBXSourcesBuildPhase section */

/* Begin XCBuildConfiguration section */
		F33CFCC02C0C508B001A134C /* Debug configuration for PBXProject "File Hider" */ = {
			isa = XCBuildConfiguration;
			buildSettings = {
				ALWAYS_SEARCH_USER_PATHS = NO;
				ASSETCATALOG_COMPILER_GENERATE_SWIFT_ASSET_SYMBOL_EXTENSIONS = YES;
				CLANG_ANALYZER_NONNULL = YES;
				CLANG_ANALYZER_NUMBER_OBJECT_CONVERSION = YES_AGGRESSIVE;
				CLANG_CXX_LANGUAGE_STANDARD = "gnu++20";
				CLANG_ENABLE_MODULES = YES;
				CLANG_ENABLE_OBJC_ARC = YES;
				CLANG_ENABLE_OBJC_WEAK = YES;
				CLANG_WARN_BLOCK_CAPTURE_AUTORELEASING = YES;
				CLANG_WARN_BOOL_CONVERSION = YES;
				CLANG_WARN_COMMA = YES;
				CLANG_WARN_CONSTANT_CONVERSION = YES;
				CLANG_WARN_DEPRECATED_OBJC_IMPLEMENTATIONS = YES;
				CLANG_WARN_DIRECT_OBJC_ISA_USAGE = YES_ERROR;
				CLANG_WARN_DOCUMENTATION_COMMENTS = YES;
				CLANG_WARN_EMPTY_BODY = YES;
				CLANG_WARN_ENUM_CONVERSION = YES;
				CLANG_WARN_INFINITE_RECURSION = YES;
				CLANG_WARN_INT_CONVERSION = YES;
				CLANG_WARN_NON_LITERAL_NULL_CONVERSION = YES;
				CLANG_WARN_OBJC_IMPLICIT_RETAIN_SELF = YES;
				CLANG_WARN_OBJC_LITERAL_CONVERSION = YES;
				CLANG_WARN_OBJC_ROOT_CLASS = YES_ERROR;
				CLANG_WARN_QUOTED_INCLUDE_IN_FRAMEWORK_HEADER = YES;
				CLANG_WARN_RANGE_LOOP_ANALYSIS = YES;
				CLANG_WARN_STRICT_PROTOTYPES = YES;
				CLANG_WARN_SUSPICIOUS_MOVE = YES;
				CLANG_WARN_UNGUARDED_AVAILABILITY = YES_AGGRESSIVE;
				CLANG_WARN_UNREACHABLE_CODE = YES;
				CLANG_WARN__DUPLICATE_METHOD_MATCH = YES;
				COPY_PHASE_STRIP = NO;
				DEAD_CODE_STRIPPING = YES;
				DEBUG_INFORMATION_FORMAT = dwarf;
				DEVELOPMENT_TEAM = 8FQUA2F388;
				ENABLE_STRICT_OBJC_MSGSEND = YES;
				ENABLE_TESTABILITY = YES;
				ENABLE_USER_SCRIPT_SANDBOXING = YES;
				GCC_C_LANGUAGE_STANDARD = gnu17;
				GCC_DYNAMIC_NO_PIC = NO;
				GCC_NO_COMMON_BLOCKS = YES;
				GCC_OPTIMIZATION_LEVEL = 0;
				GCC_PREPROCESSOR_DEFINITIONS = (
					"DEBUG=1",
					"$(inherited)",
				);
				GCC_WARN_64_TO_32_BIT_CONVERSION = YES;
				GCC_WARN_ABOUT_RETURN_TYPE = YES_ERROR;
				GCC_WARN_UNDECLARED_SELECTOR = YES;
				GCC_WARN_UNINITIALIZED_AUTOS = YES_AGGRESSIVE;
				GCC_WARN_UNUSED_FUNCTION = YES;
				GCC_WARN_UNUSED_VARIABLE = YES;
				LOCALIZATION_PREFERS_STRING_CATALOGS = YES;
				MACOSX_DEPLOYMENT_TARGET = 14.5;
				MTL_ENABLE_DEBUG_INFO = INCLUDE_SOURCE;
				MTL_FAST_MATH = YES;
				ONLY_ACTIVE_ARCH = YES;
				SDKROOT = macosx;
				STRING_CATALOG_GENERATE_SYMBOLS = YES;
				SWIFT_ACTIVE_COMPILATION_CONDITIONS = "DEBUG $(inherited)";
				SWIFT_OPTIMIZATION_LEVEL = "-Onone";
			};
			name = Debug;
		};
		F33CFCC12C0C508B001A134C /* Release configuration for PBXProject "File Hider" */ = {
			isa = XCBuildConfiguration;
			buildSettings = {
				ALWAYS_SEARCH_USER_PATHS = NO;
				ASSETCATALOG_COMPILER_GENERATE_SWIFT_ASSET_SYMBOL_EXTENSIONS = YES;
				CLANG_ANALYZER_NONNULL = YES;
				CLANG_ANALYZER_NUMBER_OBJECT_CONVERSION = YES_AGGRESSIVE;
				CLANG_CXX_LANGUAGE_STANDARD = "gnu++20";
				CLANG_ENABLE_MODULES = YES;
				CLANG_ENABLE_OBJC_ARC = YES;
				CLANG_ENABLE_OBJC_WEAK = YES;
				CLANG_WARN_BLOCK_CAPTURE_AUTORELEASING = YES;
				CLANG_WARN_BOOL_CONVERSION = YES;
				CLANG_WARN_COMMA = YES;
				CLANG_WARN_CONSTANT_CONVERSION = YES;
				CLANG_WARN_DEPRECATED_OBJC_IMPLEMENTATIONS = YES;
				CLANG_WARN_DIRECT_OBJC_ISA_USAGE = YES_ERROR;
				CLANG_WARN_DOCUMENTATION_COMMENTS = YES;
				CLANG_WARN_EMPTY_BODY = YES;
				CLANG_WARN_ENUM_CONVERSION = YES;
				CLANG_WARN_INFINITE_RECURSION = YES;
				CLANG_WARN_INT_CONVERSION = YES;
				CLANG_WARN_NON_LITERAL_NULL_CONVERSION = YES;
				CLANG_WARN_OBJC_IMPLICIT_RETAIN_SELF = YES;
				CLANG_WARN_OBJC_LITERAL_CONVERSION = YES;
				CLANG_WARN_OBJC_ROOT_CLASS = YES_ERROR;
				CLANG_WARN_QUOTED_INCLUDE_IN_FRAMEWORK_HEADER = YES;
				CLANG_WARN_RANGE_LOOP_ANALYSIS = YES;
				CLANG_WARN_STRICT_PROTOTYPES = YES;
				CLANG_WARN_SUSPICIOUS_MOVE = YES;
				CLANG_WARN_UNGUARDED_AVAILABILITY = YES_AGGRESSIVE;
				CLANG_WARN_UNREACHABLE_CODE = YES;
				CLANG_WARN__DUPLICATE_METHOD_MATCH = YES;
				COPY_PHASE_STRIP = NO;
				DEAD_CODE_STRIPPING = YES;
				DEBUG_INFORMATION_FORMAT = "dwarf-with-dsym";
				DEVELOPMENT_TEAM = 8FQUA2F388;
				ENABLE_NS_ASSERTIONS = NO;
				ENABLE_STRICT_OBJC_MSGSEND = YES;
				ENABLE_USER_SCRIPT_SANDBOXING = YES;
				GCC_C_LANGUAGE_STANDARD = gnu17;
				GCC_NO_COMMON_BLOCKS = YES;
				GCC_WARN_64_TO_32_BIT_CONVERSION = YES;
				GCC_WARN_ABOUT_RETURN_TYPE = YES_ERROR;
				GCC_WARN_UNDECLARED_SELECTOR = YES;
				GCC_WARN_UNINITIALIZED_AUTOS = YES_AGGRESSIVE;
				GCC_WARN_UNUSED_FUNCTION = YES;
				GCC_WARN_UNUSED_VARIABLE = YES;
				LOCALIZATION_PREFERS_STRING_CATALOGS = YES;
				MACOSX_DEPLOYMENT_TARGET = 14.5;
				MTL_ENABLE_DEBUG_INFO = NO;
				MTL_FAST_MATH = YES;
				SDKROOT = macosx;
				STRING_CATALOG_GENERATE_SYMBOLS = YES;
				SWIFT_COMPILATION_MODE = wholemodule;
			};
			name = Release;
		};
		F33CFCC32C0C508B001A134C /* Debug configuration for PBXNativeTarget "File Hider" */ = {
			isa = XCBuildConfiguration;
			buildSettings = {
				ASSETCATALOG_COMPILER_APPICON_NAME = AppIcon;
				ASSETCATALOG_COMPILER_GLOBAL_ACCENT_COLOR_NAME = AccentColor;
				CODE_SIGN_ENTITLEMENTS = "File Hider/File Hider.entitlements";
				CODE_SIGN_STYLE = Automatic;
				COMBINE_HIDPI_IMAGES = YES;
				CURRENT_PROJECT_VERSION = 0;
				DEAD_CODE_STRIPPING = YES;
				ENABLE_APP_SANDBOX = YES;
				ENABLE_HARDENED_RUNTIME = YES;
				ENABLE_PREVIEWS = YES;
				ENABLE_USER_SELECTED_FILES = readonly;
				GENERATE_INFOPLIST_FILE = YES;
				INFOPLIST_FILE = "File-Hider-Info.plist";
				INFOPLIST_KEY_CFBundleDisplayName = "File Hider";
				INFOPLIST_KEY_ITSAppUsesNonExemptEncryption = NO;
				INFOPLIST_KEY_LSApplicationCategoryType = "public.app-category.utilities";
				INFOPLIST_KEY_NSHumanReadableCopyright = "";
				LD_RUNPATH_SEARCH_PATHS = (
					"$(inherited)",
					"@executable_path/../Frameworks",
				);
				MACOSX_DEPLOYMENT_TARGET = 14.0;
				MARKETING_VERSION = 0.9;
				PRODUCT_BUNDLE_IDENTIFIER = "dev.topscrech.File-Hider";
				PRODUCT_NAME = "$(TARGET_NAME)";
				SWIFT_EMIT_LOC_STRINGS = YES;
				SWIFT_VERSION = 5.0;
			};
			name = Debug;
		};
		F33CFCC42C0C508B001A134C /* Release configuration for PBXNativeTarget "File Hider" */ = {
			isa = XCBuildConfiguration;
			buildSettings = {
				ASSETCATALOG_COMPILER_APPICON_NAME = AppIcon;
				ASSETCATALOG_COMPILER_GLOBAL_ACCENT_COLOR_NAME = AccentColor;
				CODE_SIGN_ENTITLEMENTS = "File Hider/File Hider.entitlements";
				CODE_SIGN_STYLE = Automatic;
				COMBINE_HIDPI_IMAGES = YES;
				CURRENT_PROJECT_VERSION = 0;
				DEAD_CODE_STRIPPING = YES;
				ENABLE_APP_SANDBOX = YES;
				ENABLE_HARDENED_RUNTIME = YES;
				ENABLE_PREVIEWS = YES;
				ENABLE_USER_SELECTED_FILES = readonly;
				GENERATE_INFOPLIST_FILE = YES;
				INFOPLIST_FILE = "File-Hider-Info.plist";
				INFOPLIST_KEY_CFBundleDisplayName = "File Hider";
				INFOPLIST_KEY_ITSAppUsesNonExemptEncryption = NO;
				INFOPLIST_KEY_LSApplicationCategoryType = "public.app-category.utilities";
				INFOPLIST_KEY_NSHumanReadableCopyright = "";
				LD_RUNPATH_SEARCH_PATHS = (
					"$(inherited)",
					"@executable_path/../Frameworks",
				);
				MACOSX_DEPLOYMENT_TARGET = 14.0;
				MARKETING_VERSION = 0.9;
				PRODUCT_BUNDLE_IDENTIFIER = "dev.topscrech.File-Hider";
				PRODUCT_NAME = "$(TARGET_NAME)";
				SWIFT_EMIT_LOC_STRINGS = YES;
				SWIFT_VERSION = 5.0;
			};
			name = Release;
		};
/* End XCBuildConfiguration section */

/* Begin XCConfigurationList section */
		F33CFCAE2C0C508A001A134C /* Build configuration list for PBXProject "File Hider" */ = {
			isa = XCConfigurationList;
			buildConfigurations = (
				F33CFCC02C0C508B001A134C /* Debug configuration for PBXProject "File Hider" */,
				F33CFCC12C0C508B001A134C /* Release configuration for PBXProject "File Hider" */,
			);
			defaultConfigurationName = Release;
		};
		F33CFCC22C0C508B001A134C /* Build configuration list for PBXNativeTarget "File Hider" */ = {
			isa = XCConfigurationList;
			buildConfigurations = (
				F33CFCC32C0C508B001A134C /* Debug configuration for PBXNativeTarget "File Hider" */,
				F33CFCC42C0C508B001A134C /* Release configuration for PBXNativeTarget "File Hider" */,
			);
			defaultConfigurationName = Release;
		};
/* End XCConfigurationList section */

/* Begin XCRemoteSwiftPackageReference section */
		F3A0BB672DCCD4FC007B303B /* XCRemoteSwiftPackageReference "ScrechKit" */ = {
			isa = XCRemoteSwiftPackageReference;
			repositoryURL = "https://github.com/TopScrech/ScrechKit";
			requirement = {
				branch = main;
				kind = branch;
			};
		};
/* End XCRemoteSwiftPackageReference section */

/* Begin XCSwiftPackageProductDependency section */
		F3A0BB682DCCD4FC007B303B /* ScrechKit */ = {
			isa = XCSwiftPackageProductDependency;
			package = F3A0BB672DCCD4FC007B303B /* XCRemoteSwiftPackageReference "ScrechKit" */;
			productName = ScrechKit;
		};
/* End XCSwiftPackageProductDependency section */
	};
	rootObject = F33CFCAB2C0C508A001A134C /* Project object */;
}
